
Microsoft Visual Studio Solution File, Format Version 12.00
# Visual Studio Version 17
VisualStudioVersion = 17.11.35219.272
MinimumVisualStudioVersion = 10.0.40219.1
Project("{FAE04EC0-301F-11D3-BF4B-00C04F79EFBC}") = "WebApi-dotNet8", "WebApi-dotNet8\WebApi-dotNet8.csproj", "{DCC1AC7B-909F-4A9B-B8BA-DAC3B79311F8}"
EndProject
Global
	GlobalSection(SolutionConfigurationPlatforms) = preSolution
		Debug|Any CPU = Debug|Any CPU
		Release|Any CPU = Release|Any CPU
	EndGlobalSection
	GlobalSection(ProjectConfigurationPlatforms) = postSolution
		{DCC1AC7B-909F-4A9B-B8BA-DAC3B79311F8}.Debug|Any CPU.ActiveCfg = Debug|Any CPU
		{DCC1AC7B-909F-4A9B-B8BA-DAC3B79311F8}.Debug|Any CPU.Build.0 = Debug|Any CPU
		{DCC1AC7B-909F-4A9B-B8BA-DAC3B79311F8}.Release|Any CPU.ActiveCfg = Release|Any CPU
		{DCC1AC7B-909F-4A9B-B8BA-DAC3B79311F8}.Release|Any CPU.Build.0 = Release|Any CPU
	EndGlobalSection
	GlobalSection(SolutionProperties) = preSolution
		HideSolutionNode = FALSE
	EndGlobalSection
	GlobalSection(ExtensibilityGlobals) = postSolution
		SolutionGuid = {E7A3DBA4-2CC1-49CF-86EF-F0838DA7C26A}
	EndGlobalSection
EndGlobal
